
Microsoft Visual Studio Solution File, Format Version 12.00
# Visual Studio Version 16
VisualStudioVersion = 16.0.33801.447
MinimumVisualStudioVersion = 10.0.40219.1
Project("{FAE04EC0-301F-11D3-BF4B-00C04F79EFBC}") = "bold-reports-core-report-designer", "bold-reports-core-report-designer.csproj", "{EC4A8B96-0491-486E-9EF3-BB55237D19E9}"
EndProject
Global
	GlobalSection(SolutionConfigurationPlatforms) = preSolution
		Debug|Any CPU = Debug|Any CPU
		Release|Any CPU = Release|Any CPU
	EndGlobalSection
	GlobalSection(ProjectConfigurationPlatforms) = postSolution
		{EC4A8B96-0491-486E-9EF3-BB55237D19E9}.Debug|Any CPU.ActiveCfg = Debug|Any CPU
		{EC4A8B96-0491-486E-9EF3-BB55237D19E9}.Debug|Any CPU.Build.0 = Debug|Any CPU
		{EC4A8B96-0491-486E-9EF3-BB55237D19E9}.Release|Any CPU.ActiveCfg = Release|Any CPU
		{EC4A8B96-0491-486E-9EF3-BB55237D19E9}.Release|Any CPU.Build.0 = Release|Any CPU
	EndGlobalSection
	GlobalSection(SolutionProperties) = preSolution
		HideSolutionNode = FALSE
	EndGlobalSection
	GlobalSection(ExtensibilityGlobals) = postSolution
		SolutionGuid = {9EEC931A-93DD-4B2F-9591-E48C7939B0EE}
	EndGlobalSection
EndGlobal
